{
  "version": 4,
  "terraform_version": "1.13.3",
  "serial": 1,
  "lineage": "14495357-c418-9821-3ea6-ce78caf4d622",
  "outputs": {
    "container_name": {
      "value": "my-node-app-container",
      "type": "string"
    },
    "image_used": {
      "value": "buvan654321/my-node-app:9.0",
      "type": "string"
    }
  },
  "resources": [
    {
      "mode": "managed",
      "type": "docker_image",
      "name": "node_app_image",
      "provider": "provider[\"registry.terraform.io/kreuzwerker/docker\"]",
      "instances": [
        {
          "schema_version": 0,
          "attributes": {
            "build": [],
            "force_remove": null,
            "id": "sha256:2bb44a3e48fec0ae3a76b1bacdac0fb2010ac03f3c1aabe2238a93331edfd657buvan654321/my-node-app:9.0",
            "image_id": "sha256:2bb44a3e48fec0ae3a76b1bacdac0fb2010ac03f3c1aabe2238a93331edfd657",
            "keep_locally": null,
            "name": "buvan654321/my-node-app:9.0",
            "platform": null,
            "pull_triggers": null,
            "repo_digest": "",
            "timeouts": null,
            "triggers": null
          },
          "sensitive_attributes": [],
          "identity_schema_version": 0,
          "private": "eyJlMmJmYjczMC1lY2FhLTExZTYtOGY4OC0zNDM2M2JjN2M0YzAiOnsiY3JlYXRlIjoxMjAwMDAwMDAwMDAwLCJkZWxldGUiOjEyMDAwMDAwMDAwMDAsInVwZGF0ZSI6MTIwMDAwMDAwMDAwMH19"
        }
      ]
    }
  ],
  "check_results": null
}
