{
  "version": 4,
  "terraform_version": "1.13.3",
  "serial": 8,
  "lineage": "14495357-c418-9821-3ea6-ce78caf4d622",
  "outputs": {
    "container_id": {
      "value": "cb860eadb1e0a1c33f59303a3099383199633051a33baff42ed75ae4ae6a835c",
      "type": "string"
    },
    "container_name": {
      "value": "my-node-app-container",
      "type": "string"
    },
    "image_used": {
      "value": "buvan654321/my-node-app:9.0",
      "type": "string"
    }
  },
  "resources": [
    {
      "mode": "managed",
      "type": "docker_image",
      "name": "node_app_image",
      "provider": "provider[\"registry.terraform.io/kreuzwerker/docker\"]",
      "instances": [
        {
          "schema_version": 0,
          "attributes": {
            "build": [],
            "force_remove": null,
            "id": "sha256:f16420e985577abb665fb1825195093c13c8c43fbc530999cbc02eae0416e865buvan654321/my-node-app:9.0",
            "image_id": "sha256:f16420e985577abb665fb1825195093c13c8c43fbc530999cbc02eae0416e865",
            "keep_locally": null,
            "name": "buvan654321/my-node-app:9.0",
            "platform": null,
            "pull_triggers": null,
            "repo_digest": "buvan654321/my-node-app@sha256:0389a862e5eb1d346eb3ee89c73ed1edd8ccdf5436fa076ccbc6c53d5e33934c",
            "timeouts": null,
            "triggers": null
          },
          "sensitive_attributes": [],
          "identity_schema_version": 0,
          "private": "eyJlMmJmYjczMC1lY2FhLTExZTYtOGY4OC0zNDM2M2JjN2M0YzAiOnsiY3JlYXRlIjoxMjAwMDAwMDAwMDAwLCJkZWxldGUiOjEyMDAwMDAwMDAwMDAsInVwZGF0ZSI6MTIwMDAwMDAwMDAwMH19"
        }
      ]
    }
  ],
  "check_results": null
}
